
Microsoft Visual Studio Solution File, Format Version 12.00
# Visual Studio 15
VisualStudioVersion = 15.0.27703.2042
MinimumVisualStudioVersion = 10.0.40219.1
Project("{FAE04EC0-301F-11D3-BF4B-00C04F79EFBC}") = "MyGallery", "MyGallery\MyGallery.csproj", "{F5C65759-67D7-41FB-B939-EA16DD31F900}"
EndProject
Global
	GlobalSection(SolutionConfigurationPlatforms) = preSolution
		Debug|Any CPU = Debug|Any CPU
		Release|Any CPU = Release|Any CPU
	EndGlobalSection
	GlobalSection(ProjectConfigurationPlatforms) = postSolution
		{F5C65759-67D7-41FB-B939-EA16DD31F900}.Debug|Any CPU.ActiveCfg = Debug|Any CPU
		{F5C65759-67D7-41FB-B939-EA16DD31F900}.Debug|Any CPU.Build.0 = Debug|Any CPU
		{F5C65759-67D7-41FB-B939-EA16DD31F900}.Release|Any CPU.ActiveCfg = Release|Any CPU
		{F5C65759-67D7-41FB-B939-EA16DD31F900}.Release|Any CPU.Build.0 = Release|Any CPU
	EndGlobalSection
	GlobalSection(SolutionProperties) = preSolution
		HideSolutionNode = FALSE
	EndGlobalSection
	GlobalSection(ExtensibilityGlobals) = postSolution
		SolutionGuid = {44521306-0D1A-42B8-A343-1B266B96C17E}
	EndGlobalSection
EndGlobal
